
Microsoft Visual Studio Solution File, Format Version 12.00
# Visual Studio Version 17
VisualStudioVersion = 17.2.32505.173
MinimumVisualStudioVersion = 10.0.40219.1
Project("{9A19103F-16F7-4668-BE54-9A1E7A4F7556}") = "Cab_Invoice", "Cab_Invoice\Cab_Invoice.csproj", "{5AD03DBD-B693-4B07-A1E9-0444B5D43B39}"
EndProject
Project("{FAE04EC0-301F-11D3-BF4B-00C04F79EFBC}") = "CabInvoice-Testing", "CabInvoice-Testing\CabInvoice-Testing.csproj", "{D2715AD2-C3A3-48E5-9B00-938FB3F71131}"
EndProject
Global
	GlobalSection(SolutionConfigurationPlatforms) = preSolution
		Debug|Any CPU = Debug|Any CPU
		Release|Any CPU = Release|Any CPU
	EndGlobalSection
	GlobalSection(ProjectConfigurationPlatforms) = postSolution
		{5AD03DBD-B693-4B07-A1E9-0444B5D43B39}.Debug|Any CPU.ActiveCfg = Debug|Any CPU
		{5AD03DBD-B693-4B07-A1E9-0444B5D43B39}.Debug|Any CPU.Build.0 = Debug|Any CPU
		{5AD03DBD-B693-4B07-A1E9-0444B5D43B39}.Release|Any CPU.ActiveCfg = Release|Any CPU
		{5AD03DBD-B693-4B07-A1E9-0444B5D43B39}.Release|Any CPU.Build.0 = Release|Any CPU
		{D2715AD2-C3A3-48E5-9B00-938FB3F71131}.Debug|Any CPU.ActiveCfg = Debug|Any CPU
		{D2715AD2-C3A3-48E5-9B00-938FB3F71131}.Debug|Any CPU.Build.0 = Debug|Any CPU
		{D2715AD2-C3A3-48E5-9B00-938FB3F71131}.Release|Any CPU.ActiveCfg = Release|Any CPU
		{D2715AD2-C3A3-48E5-9B00-938FB3F71131}.Release|Any CPU.Build.0 = Release|Any CPU
	EndGlobalSection
	GlobalSection(SolutionProperties) = preSolution
		HideSolutionNode = FALSE
	EndGlobalSection
	GlobalSection(ExtensibilityGlobals) = postSolution
		SolutionGuid = {77A3FED3-D332-4272-B748-29E526DF593D}
	EndGlobalSection
EndGlobal
